<?xml version="1.0" encoding="utf-8"?>
<Project ToolsVersion="4.0" xmlns="http://schemas.microsoft.com/developer/msbuild/2003">
  <ItemGroup>
    <Filter Include="소스 파일">
      <UniqueIdentifier>{4FC737F1-C7A5-4376-A066-2A32D752A2FF}</UniqueIdentifier>
      <Extensions>cpp;c;cc;cxx;c++;cppm;ixx;def;odl;idl;hpj;bat;asm;asmx</Extensions>
    </Filter>
    <Filter Include="헤더 파일">
      <UniqueIdentifier>{93995380-89BD-4b04-88EB-625FBE52EBFB}</UniqueIdentifier>
      <Extensions>h;hh;hpp;hxx;h++;hm;inl;inc;ipp;xsd</Extensions>
    </Filter>
    <Filter Include="리소스 파일">
      <UniqueIdentifier>{67DA6AB6-F800-4c08-8B7A-83BB121AAD01}</UniqueIdentifier>
      <Extensions>rc;ico;cur;bmp;dlg;rc2;rct;bin;rgs;gif;jpg;jpeg;jpe;resx;tiff;tif;png;wav;mfcribbon-ms</Extensions>
    </Filter>
    <Filter Include="소스 파일\ui">
      <UniqueIdentifier>{423b75e2-14c6-4403-adfa-1a6aacee328b}</UniqueIdentifier>
    </Filter>
    <Filter Include="소스 파일\game">
      <UniqueIdentifier>{64a2a1da-86cb-44b2-b6ab-6cbb0a16af74}</UniqueIdentifier>
    </Filter>
    <Filter Include="소스 파일\data">
      <UniqueIdentifier>{f6827bc4-620f-4ea0-affe-7ec507100131}</UniqueIdentifier>
    </Filter>
    <Filter Include="소스 파일\block">
      <UniqueIdentifier>{0d4f4997-7b74-4581-b525-1ce02351c45c}</UniqueIdentifier>
    </Filter>
  </ItemGroup>
  <ItemGroup>
    <ClCompile Include="tetris.cpp">
      <Filter>소스 파일</Filter>
    </ClCompile>
    <ClCompile Include="InputHandler.cpp">
      <Filter>소스 파일\ui</Filter>
    </ClCompile>
    <ClCompile Include="Renderer.cpp">
      <Filter>소스 파일\ui</Filter>
    </ClCompile>
    <ClCompile Include="Game.cpp">
      <Filter>소스 파일\game</Filter>
    </ClCompile>
    <ClCompile Include="Block.cpp">
      <Filter>소스 파일\game</Filter>
    </ClCompile>
    <ClCompile Include="Board.cpp">
      <Filter>소스 파일\game</Filter>
    </ClCompile>
    <ClCompile Include="BlockFactory.cpp">
      <Filter>소스 파일\game</Filter>
    </ClCompile>
    <ClCompile Include="Constants.cpp">
      <Filter>소스 파일\data</Filter>
    </ClCompile>
    <ClCompile Include="StoryManager.cpp">
      <Filter>소스 파일\data</Filter>
    </ClCompile>
    <ClCompile Include="RedBlock.cpp">
      <Filter>소스 파일\block</Filter>
    </ClCompile>
    <ClCompile Include="BlueBlock.cpp">
      <Filter>소스 파일\block</Filter>
    </ClCompile>
    <ClCompile Include="CyanBlock.cpp">
      <Filter>소스 파일\block</Filter>
    </ClCompile>
    <ClCompile Include="GreenBlock.cpp">
      <Filter>소스 파일\block</Filter>
    </ClCompile>
    <ClCompile Include="PurpleBlock.cpp">
      <Filter>소스 파일\block</Filter>
    </ClCompile>
    <ClCompile Include="WhiteBlock.cpp">
      <Filter>소스 파일\block</Filter>
    </ClCompile>
    <ClCompile Include="YellowBlock.cpp">
      <Filter>소스 파일\block</Filter>
    </ClCompile>
  </ItemGroup>
  <ItemGroup>
    <ClInclude Include="Renderer.h">
      <Filter>헤더 파일</Filter>
    </ClInclude>
    <ClInclude Include="InputHandler.h">
      <Filter>헤더 파일</Filter>
    </ClInclude>
    <ClInclude Include="Game.h">
      <Filter>헤더 파일</Filter>
    </ClInclude>
    <ClInclude Include="Board.h">
      <Filter>헤더 파일</Filter>
    </ClInclude>
    <ClInclude Include="Block.h">
      <Filter>헤더 파일</Filter>
    </ClInclude>
    <ClInclude Include="BlockFactory.h">
      <Filter>헤더 파일</Filter>
    </ClInclude>
    <ClInclude Include="Constants.h">
      <Filter>헤더 파일</Filter>
    </ClInclude>
    <ClInclude Include="StoryManager.h">
      <Filter>헤더 파일</Filter>
    </ClInclude>
    <ClInclude Include="RedBlock.h">
      <Filter>헤더 파일</Filter>
    </ClInclude>
    <ClInclude Include="BlueBlock.h">
      <Filter>헤더 파일</Filter>
    </ClInclude>
    <ClInclude Include="YellowBlock.h">
      <Filter>헤더 파일</Filter>
    </ClInclude>
    <ClInclude Include="GreenBlock.h">
      <Filter>헤더 파일</Filter>
    </ClInclude>
    <ClInclude Include="PurpleBlock.h">
      <Filter>헤더 파일</Filter>
    </ClInclude>
    <ClInclude Include="CyanBlock.h">
      <Filter>헤더 파일</Filter>
    </ClInclude>
    <ClInclude Include="WhiteBlock.h">
      <Filter>헤더 파일</Filter>
    </ClInclude>
  </ItemGroup>
</Project>